
Microsoft Visual Studio Solution File, Format Version 12.00
# Visual Studio Version 17
VisualStudioVersion = 17.2.32616.157
MinimumVisualStudioVersion = 10.0.40219.1
Project("{FAE04EC0-301F-11D3-BF4B-00C04F79EFBC}") = "Ejercicio9", "Ejercicio9\Ejercicio9.csproj", "{23C61E04-0530-436D-B234-CD230878CEC6}"
EndProject
Global
	GlobalSection(SolutionConfigurationPlatforms) = preSolution
		Debug|Any CPU = Debug|Any CPU
		Release|Any CPU = Release|Any CPU
	EndGlobalSection
	GlobalSection(ProjectConfigurationPlatforms) = postSolution
		{23C61E04-0530-436D-B234-CD230878CEC6}.Debug|Any CPU.ActiveCfg = Debug|Any CPU
		{23C61E04-0530-436D-B234-CD230878CEC6}.Debug|Any CPU.Build.0 = Debug|Any CPU
		{23C61E04-0530-436D-B234-CD230878CEC6}.Release|Any CPU.ActiveCfg = Release|Any CPU
		{23C61E04-0530-436D-B234-CD230878CEC6}.Release|Any CPU.Build.0 = Release|Any CPU
	EndGlobalSection
	GlobalSection(SolutionProperties) = preSolution
		HideSolutionNode = FALSE
	EndGlobalSection
	GlobalSection(ExtensibilityGlobals) = postSolution
		SolutionGuid = {2B1A36B9-0F62-44DB-A119-D1BA6C992671}
	EndGlobalSection
EndGlobal
